// !$*UTF8*$!
{
	archiveVersion = 1;
	classes = {
	};
	objectVersion = 46;
	objects = {

/* Begin PBXBuildFile section */
		42479E221C204CA8006B6B88 /* BitCoding.swift in Sources */ = {isa = PBXBuildFile; fileRef = 42479E1F1C204CA8006B6B88 /* BitCoding.swift */; };
		42479E231C204CA8006B6B88 /* FoundationExtension.swift in Sources */ = {isa = PBXBuildFile; fileRef = 42479E201C204CA8006B6B88 /* FoundationExtension.swift */; };
		42479E241C204CA8006B6B88 /* Haffman.swift in Sources */ = {isa = PBXBuildFile; fileRef = 42479E211C204CA8006B6B88 /* Haffman.swift */; };
		42720FEE1C18410F008B62B4 /* main.swift in Sources */ = {isa = PBXBuildFile; fileRef = 42720FED1C18410F008B62B4 /* main.swift */; };
		9498254D1E47173300320846 /* BitsContainer.swift in Sources */ = {isa = PBXBuildFile; fileRef = 9498254C1E47173300320846 /* BitsContainer.swift */; };
/* End PBXBuildFile section */

/* Begin PBXCopyFilesBuildPhase section */
		42720FE81C18410F008B62B4 /* CopyFiles */ = {
			isa = PBXCopyFilesBuildPhase;
			buildActionMask = 8;
			dstPath = .;
			dstSubfolderSpec = 0;
			files = (
			);
			runOnlyForDeploymentPostprocessing = 1;
		};
/* End PBXCopyFilesBuildPhase section */

/* Begin PBXFileReference section */
		42479E1F1C204CA8006B6B88 /* BitCoding.swift */ = {isa = PBXFileReference; fileEncoding = 4; lastKnownFileType = sourcecode.swift; name = BitCoding.swift; path = ../../Source/BitCoding.swift; sourceTree = "<group>"; };
		42479E201C204CA8006B6B88 /* FoundationExtension.swift */ = {isa = PBXFileReference; fileEncoding = 4; lastKnownFileType = sourcecode.swift; name = FoundationExtension.swift; path = ../../Source/FoundationExtension.swift; sourceTree = "<group>"; };
		42479E211C204CA8006B6B88 /* Haffman.swift */ = {isa = PBXFileReference; fileEncoding = 4; lastKnownFileType = sourcecode.swift; name = Haffman.swift; path = ../../Source/Haffman.swift; sourceTree = "<group>"; };
		42720FEA1C18410F008B62B4 /* HaffmanCoding */ = {isa = PBXFileReference; explicitFileType = "compiled.mach-o.executable"; includeInIndex = 0; path = HaffmanCoding; sourceTree = BUILT_PRODUCTS_DIR; };
		42720FED1C18410F008B62B4 /* main.swift */ = {isa = PBXFileReference; lastKnownFileType = sourcecode.swift; path = main.swift; sourceTree = "<group>"; };
		9498254C1E47173300320846 /* BitsContainer.swift */ = {isa = PBXFileReference; fileEncoding = 4; lastKnownFileType = sourcecode.swift; path = BitsContainer.swift; sourceTree = "<group>"; };
/* End PBXFileReference section */

/* Begin PBXFrameworksBuildPhase section */
		42720FE71C18410F008B62B4 /* Frameworks */ = {
			isa = PBXFrameworksBuildPhase;
			buildActionMask = 2147483647;
			files = (
			);
			runOnlyForDeploymentPostprocessing = 0;
		};
/* End PBXFrameworksBuildPhase section */

/* Begin PBXGroup section */
		42720FE11C18410F008B62B4 = {
			isa = PBXGroup;
			children = (
				42720FEC1C18410F008B62B4 /* HaffmanCoding */,
				42720FEB1C18410F008B62B4 /* Products */,
			);
			sourceTree = "<group>";
		};
		42720FEB1C18410F008B62B4 /* Products */ = {
			isa = PBXGroup;
			children = (
				42720FEA1C18410F008B62B4 /* HaffmanCoding */,
			);
			name = Products;
			sourceTree = "<group>";
		};
		42720FEC1C18410F008B62B4 /* HaffmanCoding */ = {
			isa = PBXGroup;
			children = (
				42479E1F1C204CA8006B6B88 /* BitCoding.swift */,
				42479E201C204CA8006B6B88 /* FoundationExtension.swift */,
				42479E211C204CA8006B6B88 /* Haffman.swift */,
				42720FED1C18410F008B62B4 /* main.swift */,
				9498254C1E47173300320846 /* BitsContainer.swift */,
			);
			path = HaffmanCoding;
			sourceTree = "<group>";
		};
/* End PBXGroup section */

/* Begin PBXNativeTarget section */
		42720FE91C18410F008B62B4 /* HaffmanCoding */ = {
			isa = PBXNativeTarget;
			buildConfigurationList = 42720FF11C18410F008B62B4 /* Build configuration list for PBXNativeTarget "HaffmanCoding" */;
			buildPhases = (
				42720FE61C18410F008B62B4 /* Sources */,
				42720FE71C18410F008B62B4 /* Frameworks */,
				42720FE81C18410F008B62B4 /* CopyFiles */,
			);
			buildRules = (
			);
			dependencies = (
			);
			name = HaffmanCoding;
			productName = HaffmanCoding;
			productReference = 42720FEA1C18410F008B62B4 /* HaffmanCoding */;
			productType = "com.apple.product-type.tool";
		};
/* End PBXNativeTarget section */

/* Begin PBXProject section */
		42720FE21C18410F008B62B4 /* Project object */ = {
			isa = PBXProject;
			attributes = {
				LastSwiftUpdateCheck = 0710;
				LastUpgradeCheck = 0710;
				ORGANIZATIONNAME = skyylex;
				TargetAttributes = {
					42720FE91C18410F008B62B4 = {
						CreatedOnToolsVersion = 7.1;
						LastSwiftMigration = 0820;
					};
				};
			};
			buildConfigurationList = 42720FE51C18410F008B62B4 /* Build configuration list for PBXProject "HaffmanCoding" */;
			compatibilityVersion = "Xcode 3.2";
			developmentRegion = English;
			hasScannedForEncodings = 0;
			knownRegions = (
				en,
			);
			mainGroup = 42720FE11C18410F008B62B4;
			productRefGroup = 42720FEB1C18410F008B62B4 /* Products */;
			projectDirPath = "";
			projectRoot = "";
			targets = (
				42720FE91C18410F008B62B4 /* HaffmanCoding */,
			);
		};
/* End PBXProject section */

/* Begin PBXSourcesBuildPhase section */
		42720FE61C18410F008B62B4 /* Sources */ = {
			isa = PBXSourcesBuildPhase;
			buildActionMask = 2147483647;
			files = (
				42720FEE1C18410F008B62B4 /* main.swift in Sources */,
				42479E241C204CA8006B6B88 /* Haffman.swift in Sources */,
				42479E231C204CA8006B6B88 /* FoundationExtension.swift in Sources */,
				42479E221C204CA8006B6B88 /* BitCoding.swift in Sources */,
				9498254D1E47173300320846 /* BitsContainer.swift in Sources */,
			);
			runOnlyForDeploymentPostprocessing = 0;
		};
/* End PBXSourcesBuildPhase section */

/* Begin XCBuildConfiguration section */
		42720FEF1C18410F008B62B4 /* Debug */ = {
			isa = XCBuildConfiguration;
			buildSettings = {
				ALWAYS_SEARCH_USER_PATHS = NO;
				CLANG_CXX_LANGUAGE_STANDARD = "gnu++0x";
				CLANG_CXX_LIBRARY = "libc++";
				CLANG_ENABLE_MODULES = YES;
				CLANG_ENABLE_OBJC_ARC = YES;
				CLANG_WARN_BOOL_CONVERSION = YES;
				CLANG_WARN_CONSTANT_CONVERSION = YES;
				CLANG_WARN_DIRECT_OBJC_ISA_USAGE = YES_ERROR;
				CLANG_WARN_EMPTY_BODY = YES;
				CLANG_WARN_ENUM_CONVERSION = YES;
				CLANG_WARN_INT_CONVERSION = YES;
				CLANG_WARN_OBJC_ROOT_CLASS = YES_ERROR;
				CLANG_WARN_UNREACHABLE_CODE = YES;
				CLANG_WARN__DUPLICATE_METHOD_MATCH = YES;
				CODE_SIGN_IDENTITY = "-";
				COPY_PHASE_STRIP = NO;
				DEBUG_INFORMATION_FORMAT = dwarf;
				ENABLE_STRICT_OBJC_MSGSEND = YES;
				ENABLE_TESTABILITY = YES;
				GCC_C_LANGUAGE_STANDARD = gnu99;
				GCC_DYNAMIC_NO_PIC = NO;
				GCC_NO_COMMON_BLOCKS = YES;
				GCC_OPTIMIZATION_LEVEL = 0;
				GCC_PREPROCESSOR_DEFINITIONS = (
					"DEBUG=1",
					"$(inherited)",
				);
				GCC_WARN_64_TO_32_BIT_CONVERSION = YES;
				GCC_WARN_ABOUT_RETURN_TYPE = YES_ERROR;
				GCC_WARN_UNDECLARED_SELECTOR = YES;
				GCC_WARN_UNINITIALIZED_AUTOS = YES_AGGRESSIVE;
				GCC_WARN_UNUSED_FUNCTION = YES;
				GCC_WARN_UNUSED_VARIABLE = YES;
				MACOSX_DEPLOYMENT_TARGET = 10.11;
				MTL_ENABLE_DEBUG_INFO = YES;
				ONLY_ACTIVE_ARCH = YES;
				SDKROOT = macosx;
				SWIFT_OPTIMIZATION_LEVEL = "-Onone";
			};
			name = Debug;
		};
		42720FF01C18410F008B62B4 /* Release */ = {
			isa = XCBuildConfiguration;
			buildSettings = {
				ALWAYS_SEARCH_USER_PATHS = NO;
				CLANG_CXX_LANGUAGE_STANDARD = "gnu++0x";
				CLANG_CXX_LIBRARY = "libc++";
				CLANG_ENABLE_MODULES = YES;
				CLANG_ENABLE_OBJC_ARC = YES;
				CLANG_WARN_BOOL_CONVERSION = YES;
				CLANG_WARN_CONSTANT_CONVERSION = YES;
				CLANG_WARN_DIRECT_OBJC_ISA_USAGE = YES_ERROR;
				CLANG_WARN_EMPTY_BODY = YES;
				CLANG_WARN_ENUM_CONVERSION = YES;
				CLANG_WARN_INT_CONVERSION = YES;
				CLANG_WARN_OBJC_ROOT_CLASS = YES_ERROR;
				CLANG_WARN_UNREACHABLE_CODE = YES;
				CLANG_WARN__DUPLICATE_METHOD_MATCH = YES;
				CODE_SIGN_IDENTITY = "-";
				COPY_PHASE_STRIP = NO;
				DEBUG_INFORMATION_FORMAT = "dwarf-with-dsym";
				ENABLE_NS_ASSERTIONS = NO;
				ENABLE_STRICT_OBJC_MSGSEND = YES;
				GCC_C_LANGUAGE_STANDARD = gnu99;
				GCC_NO_COMMON_BLOCKS = YES;
				GCC_WARN_64_TO_32_BIT_CONVERSION = YES;
				GCC_WARN_ABOUT_RETURN_TYPE = YES_ERROR;
				GCC_WARN_UNDECLARED_SELECTOR = YES;
				GCC_WARN_UNINITIALIZED_AUTOS = YES_AGGRESSIVE;
				GCC_WARN_UNUSED_FUNCTION = YES;
				GCC_WARN_UNUSED_VARIABLE = YES;
				MACOSX_DEPLOYMENT_TARGET = 10.11;
				MTL_ENABLE_DEBUG_INFO = NO;
				SDKROOT = macosx;
			};
			name = Release;
		};
		42720FF21C18410F008B62B4 /* Debug */ = {
			isa = XCBuildConfiguration;
			buildSettings = {
				PRODUCT_NAME = "$(TARGET_NAME)";
				SWIFT_VERSION = 3.0;
			};
			name = Debug;
		};
		42720FF31C18410F008B62B4 /* Release */ = {
			isa = XCBuildConfiguration;
			buildSettings = {
				PRODUCT_NAME = "$(TARGET_NAME)";
				SWIFT_VERSION = 3.0;
			};
			name = Release;
		};
/* End XCBuildConfiguration section */

/* Begin XCConfigurationList section */
		42720FE51C18410F008B62B4 /* Build configuration list for PBXProject "HaffmanCoding" */ = {
			isa = XCConfigurationList;
			buildConfigurations = (
				42720FEF1C18410F008B62B4 /* Debug */,
				42720FF01C18410F008B62B4 /* Release */,
			);
			defaultConfigurationIsVisible = 0;
			defaultConfigurationName = Release;
		};
		42720FF11C18410F008B62B4 /* Build configuration list for PBXNativeTarget "HaffmanCoding" */ = {
			isa = XCConfigurationList;
			buildConfigurations = (
				42720FF21C18410F008B62B4 /* Debug */,
				42720FF31C18410F008B62B4 /* Release */,
			);
			defaultConfigurationIsVisible = 0;
			defaultConfigurationName = Release;
		};
/* End XCConfigurationList section */
	};
	rootObject = 42720FE21C18410F008B62B4 /* Project object */;
}
